{
  "name": "05",
  "lockfileVersion": 2,
  "requires": true,
  "packages": {
    "": {
      "devDependencies": {
        "random-seedable": "^1.0.8"
      }
    },
    "node_modules/random-seedable": {
      "version": "1.0.8",
      "resolved": "https://registry.npmjs.org/random-seedable/-/random-seedable-1.0.8.tgz",
      "integrity": "sha512-f6gzvNhAnZBht1Prn0e/tpukUNhkANntFF42uIdWDPriyEATYaRpyH8A9bYaGecUB3AL+dXeYtBUggy18fe3rw==",
      "dev": true
    }
  },
  "dependencies": {
    "random-seedable": {
      "version": "1.0.8",
      "resolved": "https://registry.npmjs.org/random-seedable/-/random-seedable-1.0.8.tgz",
      "integrity": "sha512-f6gzvNhAnZBht1Prn0e/tpukUNhkANntFF42uIdWDPriyEATYaRpyH8A9bYaGecUB3AL+dXeYtBUggy18fe3rw==",
      "dev": true
    }
  }
}
